// !$*UTF8*$!
{
	archiveVersion = 1;
	classes = {
	};
	objectVersion = 46;
	objects = {

/* Begin PBXBuildFile section */
		5484EA0C1BBADEDD00D08794 /* main.m in Sources */ = {isa = PBXBuildFile; fileRef = 5484EA0B1BBADEDD00D08794 /* main.m */; };
		5484EA0F1BBADEDD00D08794 /* AppDelegate.m in Sources */ = {isa = PBXBuildFile; fileRef = 5484EA0E1BBADEDD00D08794 /* AppDelegate.m */; };
		5484EA121BBADEDD00D08794 /* ViewController.m in Sources */ = {isa = PBXBuildFile; fileRef = 5484EA111BBADEDD00D08794 /* ViewController.m */; };
		5484EA151BBADEDD00D08794 /* Main.storyboard in Resources */ = {isa = PBXBuildFile; fileRef = 5484EA131BBADEDD00D08794 /* Main.storyboard */; };
		5484EA171BBADEDD00D08794 /* Assets.xcassets in Resources */ = {isa = PBXBuildFile; fileRef = 5484EA161BBADEDD00D08794 /* Assets.xcassets */; };
		5484EA1A1BBADEDD00D08794 /* LaunchScreen.storyboard in Resources */ = {isa = PBXBuildFile; fileRef = 5484EA181BBADEDD00D08794 /* LaunchScreen.storyboard */; };
		5484EA251BBADEDE00D08794 /* BlockTests.m in Sources */ = {isa = PBXBuildFile; fileRef = 5484EA241BBADEDE00D08794 /* BlockTests.m */; };
		5484EA311BBADF2800D08794 /* SecondViewController.m in Sources */ = {isa = PBXBuildFile; fileRef = 5484EA301BBADF2800D08794 /* SecondViewController.m */; settings = {ASSET_TAGS = (); }; };
		548F1C711BDA8147008F28F8 /* Icon.png in Resources */ = {isa = PBXBuildFile; fileRef = 548F1C6E1BDA8147008F28F8 /* Icon.png */; settings = {ASSET_TAGS = (); }; };
		548F1C721BDA8147008F28F8 /* Icon-60@3x.png in Resources */ = {isa = PBXBuildFile; fileRef = 548F1C6F1BDA8147008F28F8 /* Icon-60@3x.png */; settings = {ASSET_TAGS = (); }; };
		548F1C731BDA8147008F28F8 /* Icon-60@2x.png in Resources */ = {isa = PBXBuildFile; fileRef = 548F1C701BDA8147008F28F8 /* Icon-60@2x.png */; settings = {ASSET_TAGS = (); }; };
/* End PBXBuildFile section */

/* Begin PBXContainerItemProxy section */
		5484EA211BBADEDE00D08794 /* PBXContainerItemProxy */ = {
			isa = PBXContainerItemProxy;
			containerPortal = 5484E9FF1BBADEDC00D08794 /* Project object */;
			proxyType = 1;
			remoteGlobalIDString = 5484EA061BBADEDD00D08794;
			remoteInfo = Block;
		};
/* End PBXContainerItemProxy section */

/* Begin PBXFileReference section */
		5484EA071BBADEDD00D08794 /* Block.app */ = {isa = PBXFileReference; explicitFileType = wrapper.application; includeInIndex = 0; path = Block.app; sourceTree = BUILT_PRODUCTS_DIR; };
		5484EA0B1BBADEDD00D08794 /* main.m */ = {isa = PBXFileReference; lastKnownFileType = sourcecode.c.objc; path = main.m; sourceTree = "<group>"; };
		5484EA0D1BBADEDD00D08794 /* AppDelegate.h */ = {isa = PBXFileReference; lastKnownFileType = sourcecode.c.h; path = AppDelegate.h; sourceTree = "<group>"; };
		5484EA0E1BBADEDD00D08794 /* AppDelegate.m */ = {isa = PBXFileReference; lastKnownFileType = sourcecode.c.objc; path = AppDelegate.m; sourceTree = "<group>"; };
		5484EA101BBADEDD00D08794 /* ViewController.h */ = {isa = PBXFileReference; lastKnownFileType = sourcecode.c.h; path = ViewController.h; sourceTree = "<group>"; };
		5484EA111BBADEDD00D08794 /* ViewController.m */ = {isa = PBXFileReference; lastKnownFileType = sourcecode.c.objc; path = ViewController.m; sourceTree = "<group>"; };
		5484EA141BBADEDD00D08794 /* Base */ = {isa = PBXFileReference; lastKnownFileType = file.storyboard; name = Base; path = Base.lproj/Main.storyboard; sourceTree = "<group>"; };
		5484EA161BBADEDD00D08794 /* Assets.xcassets */ = {isa = PBXFileReference; lastKnownFileType = folder.assetcatalog; path = Assets.xcassets; sourceTree = "<group>"; };
		5484EA191BBADEDD00D08794 /* Base */ = {isa = PBXFileReference; lastKnownFileType = file.storyboard; name = Base; path = Base.lproj/LaunchScreen.storyboard; sourceTree = "<group>"; };
		5484EA1B1BBADEDD00D08794 /* Info.plist */ = {isa = PBXFileReference; lastKnownFileType = text.plist.xml; path = Info.plist; sourceTree = "<group>"; };
		5484EA201BBADEDE00D08794 /* BlockTests.xctest */ = {isa = PBXFileReference; explicitFileType = wrapper.cfbundle; includeInIndex = 0; path = BlockTests.xctest; sourceTree = BUILT_PRODUCTS_DIR; };
		5484EA241BBADEDE00D08794 /* BlockTests.m */ = {isa = PBXFileReference; lastKnownFileType = sourcecode.c.objc; path = BlockTests.m; sourceTree = "<group>"; };
		5484EA261BBADEDE00D08794 /* Info.plist */ = {isa = PBXFileReference; lastKnownFileType = text.plist.xml; path = Info.plist; sourceTree = "<group>"; };
		5484EA2F1BBADF2800D08794 /* SecondViewController.h */ = {isa = PBXFileReference; fileEncoding = 4; lastKnownFileType = sourcecode.c.h; path = SecondViewController.h; sourceTree = "<group>"; };
		5484EA301BBADF2800D08794 /* SecondViewController.m */ = {isa = PBXFileReference; fileEncoding = 4; lastKnownFileType = sourcecode.c.objc; path = SecondViewController.m; sourceTree = "<group>"; };
		548F1C6E1BDA8147008F28F8 /* Icon.png */ = {isa = PBXFileReference; lastKnownFileType = image.png; path = Icon.png; sourceTree = "<group>"; };
		548F1C6F1BDA8147008F28F8 /* Icon-60@3x.png */ = {isa = PBXFileReference; lastKnownFileType = image.png; path = "Icon-60@3x.png"; sourceTree = "<group>"; };
		548F1C701BDA8147008F28F8 /* Icon-60@2x.png */ = {isa = PBXFileReference; lastKnownFileType = image.png; path = "Icon-60@2x.png"; sourceTree = "<group>"; };
		54D1DA911BBC3EAE006E0EF0 /* MyProtocol.h */ = {isa = PBXFileReference; fileEncoding = 4; lastKnownFileType = sourcecode.c.h; path = MyProtocol.h; sourceTree = "<group>"; };
/* End PBXFileReference section */

/* Begin PBXFrameworksBuildPhase section */
		5484EA041BBADEDD00D08794 /* Frameworks */ = {
			isa = PBXFrameworksBuildPhase;
			buildActionMask = 2147483647;
			files = (
			);
			runOnlyForDeploymentPostprocessing = 0;
		};
		5484EA1D1BBADEDE00D08794 /* Frameworks */ = {
			isa = PBXFrameworksBuildPhase;
			buildActionMask = 2147483647;
			files = (
			);
			runOnlyForDeploymentPostprocessing = 0;
		};
/* End PBXFrameworksBuildPhase section */

/* Begin PBXGroup section */
		5484E9FE1BBADEDC00D08794 = {
			isa = PBXGroup;
			children = (
				5484EA091BBADEDD00D08794 /* Block */,
				5484EA231BBADEDE00D08794 /* BlockTests */,
				5484EA081BBADEDD00D08794 /* Products */,
			);
			sourceTree = "<group>";
		};
		5484EA081BBADEDD00D08794 /* Products */ = {
			isa = PBXGroup;
			children = (
				5484EA071BBADEDD00D08794 /* Block.app */,
				5484EA201BBADEDE00D08794 /* BlockTests.xctest */,
			);
			name = Products;
			sourceTree = "<group>";
		};
		5484EA091BBADEDD00D08794 /* Block */ = {
			isa = PBXGroup;
			children = (
				5484EA0D1BBADEDD00D08794 /* AppDelegate.h */,
				5484EA0E1BBADEDD00D08794 /* AppDelegate.m */,
				5484EA101BBADEDD00D08794 /* ViewController.h */,
				5484EA111BBADEDD00D08794 /* ViewController.m */,
				5484EA2F1BBADF2800D08794 /* SecondViewController.h */,
				5484EA301BBADF2800D08794 /* SecondViewController.m */,
				5484EA131BBADEDD00D08794 /* Main.storyboard */,
				5484EA161BBADEDD00D08794 /* Assets.xcassets */,
				5484EA181BBADEDD00D08794 /* LaunchScreen.storyboard */,
				5484EA1B1BBADEDD00D08794 /* Info.plist */,
				5484EA0A1BBADEDD00D08794 /* Supporting Files */,
				54D1DA911BBC3EAE006E0EF0 /* MyProtocol.h */,
			);
			path = Block;
			sourceTree = "<group>";
		};
		5484EA0A1BBADEDD00D08794 /* Supporting Files */ = {
			isa = PBXGroup;
			children = (
				548F1C6E1BDA8147008F28F8 /* Icon.png */,
				548F1C6F1BDA8147008F28F8 /* Icon-60@3x.png */,
				548F1C701BDA8147008F28F8 /* Icon-60@2x.png */,
				5484EA0B1BBADEDD00D08794 /* main.m */,
			);
			name = "Supporting Files";
			sourceTree = "<group>";
		};
		5484EA231BBADEDE00D08794 /* BlockTests */ = {
			isa = PBXGroup;
			children = (
				5484EA241BBADEDE00D08794 /* BlockTests.m */,
				5484EA261BBADEDE00D08794 /* Info.plist */,
			);
			path = BlockTests;
			sourceTree = "<group>";
		};
/* End PBXGroup section */

/* Begin PBXNativeTarget section */
		5484EA061BBADEDD00D08794 /* Block */ = {
			isa = PBXNativeTarget;
			buildConfigurationList = 5484EA291BBADEDE00D08794 /* Build configuration list for PBXNativeTarget "Block" */;
			buildPhases = (
				5484EA031BBADEDD00D08794 /* Sources */,
				5484EA041BBADEDD00D08794 /* Frameworks */,
				5484EA051BBADEDD00D08794 /* Resources */,
			);
			buildRules = (
			);
			dependencies = (
			);
			name = Block;
			productName = Block;
			productReference = 5484EA071BBADEDD00D08794 /* Block.app */;
			productType = "com.apple.product-type.application";
		};
		5484EA1F1BBADEDE00D08794 /* BlockTests */ = {
			isa = PBXNativeTarget;
			buildConfigurationList = 5484EA2C1BBADEDE00D08794 /* Build configuration list for PBXNativeTarget "BlockTests" */;
			buildPhases = (
				5484EA1C1BBADEDE00D08794 /* Sources */,
				5484EA1D1BBADEDE00D08794 /* Frameworks */,
				5484EA1E1BBADEDE00D08794 /* Resources */,
			);
			buildRules = (
			);
			dependencies = (
				5484EA221BBADEDE00D08794 /* PBXTargetDependency */,
			);
			name = BlockTests;
			productName = BlockTests;
			productReference = 5484EA201BBADEDE00D08794 /* BlockTests.xctest */;
			productType = "com.apple.product-type.bundle.unit-test";
		};
/* End PBXNativeTarget section */

/* Begin PBXProject section */
		5484E9FF1BBADEDC00D08794 /* Project object */ = {
			isa = PBXProject;
			attributes = {
				LastUpgradeCheck = 0700;
				ORGANIZATIONNAME = LMC;
				TargetAttributes = {
					5484EA061BBADEDD00D08794 = {
						CreatedOnToolsVersion = 7.0;
					};
					5484EA1F1BBADEDE00D08794 = {
						CreatedOnToolsVersion = 7.0;
						TestTargetID = 5484EA061BBADEDD00D08794;
					};
				};
			};
			buildConfigurationList = 5484EA021BBADEDC00D08794 /* Build configuration list for PBXProject "Block" */;
			compatibilityVersion = "Xcode 3.2";
			developmentRegion = English;
			hasScannedForEncodings = 0;
			knownRegions = (
				en,
				Base,
			);
			mainGroup = 5484E9FE1BBADEDC00D08794;
			productRefGroup = 5484EA081BBADEDD00D08794 /* Products */;
			projectDirPath = "";
			projectRoot = "";
			targets = (
				5484EA061BBADEDD00D08794 /* Block */,
				5484EA1F1BBADEDE00D08794 /* BlockTests */,
			);
		};
/* End PBXProject section */

/* Begin PBXResourcesBuildPhase section */
		5484EA051BBADEDD00D08794 /* Resources */ = {
			isa = PBXResourcesBuildPhase;
			buildActionMask = 2147483647;
			files = (
				548F1C711BDA8147008F28F8 /* Icon.png in Resources */,
				548F1C721BDA8147008F28F8 /* Icon-60@3x.png in Resources */,
				5484EA1A1BBADEDD00D08794 /* LaunchScreen.storyboard in Resources */,
				5484EA171BBADEDD00D08794 /* Assets.xcassets in Resources */,
				5484EA151BBADEDD00D08794 /* Main.storyboard in Resources */,
				548F1C731BDA8147008F28F8 /* Icon-60@2x.png in Resources */,
			);
			runOnlyForDeploymentPostprocessing = 0;
		};
		5484EA1E1BBADEDE00D08794 /* Resources */ = {
			isa = PBXResourcesBuildPhase;
			buildActionMask = 2147483647;
			files = (
			);
			runOnlyForDeploymentPostprocessing = 0;
		};
/* End PBXResourcesBuildPhase section */

/* Begin PBXSourcesBuildPhase section */
		5484EA031BBADEDD00D08794 /* Sources */ = {
			isa = PBXSourcesBuildPhase;
			buildActionMask = 2147483647;
			files = (
				5484EA311BBADF2800D08794 /* SecondViewController.m in Sources */,
				5484EA121BBADEDD00D08794 /* ViewController.m in Sources */,
				5484EA0F1BBADEDD00D08794 /* AppDelegate.m in Sources */,
				5484EA0C1BBADEDD00D08794 /* main.m in Sources */,
			);
			runOnlyForDeploymentPostprocessing = 0;
		};
		5484EA1C1BBADEDE00D08794 /* Sources */ = {
			isa = PBXSourcesBuildPhase;
			buildActionMask = 2147483647;
			files = (
				5484EA251BBADEDE00D08794 /* BlockTests.m in Sources */,
			);
			runOnlyForDeploymentPostprocessing = 0;
		};
/* End PBXSourcesBuildPhase section */

/* Begin PBXTargetDependency section */
		5484EA221BBADEDE00D08794 /* PBXTargetDependency */ = {
			isa = PBXTargetDependency;
			target = 5484EA061BBADEDD00D08794 /* Block */;
			targetProxy = 5484EA211BBADEDE00D08794 /* PBXContainerItemProxy */;
		};
/* End PBXTargetDependency section */

/* Begin PBXVariantGroup section */
		5484EA131BBADEDD00D08794 /* Main.storyboard */ = {
			isa = PBXVariantGroup;
			children = (
				5484EA141BBADEDD00D08794 /* Base */,
			);
			name = Main.storyboard;
			sourceTree = "<group>";
		};
		5484EA181BBADEDD00D08794 /* LaunchScreen.storyboard */ = {
			isa = PBXVariantGroup;
			children = (
				5484EA191BBADEDD00D08794 /* Base */,
			);
			name = LaunchScreen.storyboard;
			sourceTree = "<group>";
		};
/* End PBXVariantGroup section */

/* Begin XCBuildConfiguration section */
		5484EA271BBADEDE00D08794 /* Debug */ = {
			isa = XCBuildConfiguration;
			buildSettings = {
				ALWAYS_SEARCH_USER_PATHS = NO;
				CLANG_CXX_LANGUAGE_STANDARD = "gnu++0x";
				CLANG_CXX_LIBRARY = "libc++";
				CLANG_ENABLE_MODULES = YES;
				CLANG_ENABLE_OBJC_ARC = YES;
				CLANG_WARN_BOOL_CONVERSION = YES;
				CLANG_WARN_CONSTANT_CONVERSION = YES;
				CLANG_WARN_DIRECT_OBJC_ISA_USAGE = YES_ERROR;
				CLANG_WARN_EMPTY_BODY = YES;
				CLANG_WARN_ENUM_CONVERSION = YES;
				CLANG_WARN_INT_CONVERSION = YES;
				CLANG_WARN_OBJC_ROOT_CLASS = YES_ERROR;
				CLANG_WARN_UNREACHABLE_CODE = YES;
				CLANG_WARN__DUPLICATE_METHOD_MATCH = YES;
				"CODE_SIGN_IDENTITY[sdk=iphoneos*]" = "iPhone Developer";
				COPY_PHASE_STRIP = NO;
				DEBUG_INFORMATION_FORMAT = dwarf;
				ENABLE_STRICT_OBJC_MSGSEND = YES;
				ENABLE_TESTABILITY = YES;
				GCC_C_LANGUAGE_STANDARD = gnu99;
				GCC_DYNAMIC_NO_PIC = NO;
				GCC_NO_COMMON_BLOCKS = YES;
				GCC_OPTIMIZATION_LEVEL = 0;
				GCC_PREPROCESSOR_DEFINITIONS = (
					"DEBUG=1",
					"$(inherited)",
				);
				GCC_WARN_64_TO_32_BIT_CONVERSION = YES;
				GCC_WARN_ABOUT_RETURN_TYPE = YES_ERROR;
				GCC_WARN_UNDECLARED_SELECTOR = YES;
				GCC_WARN_UNINITIALIZED_AUTOS = YES_AGGRESSIVE;
				GCC_WARN_UNUSED_FUNCTION = YES;
				GCC_WARN_UNUSED_VARIABLE = YES;
				IPHONEOS_DEPLOYMENT_TARGET = 9.0;
				MTL_ENABLE_DEBUG_INFO = YES;
				ONLY_ACTIVE_ARCH = YES;
				SDKROOT = iphoneos;
			};
			name = Debug;
		};
		5484EA281BBADEDE00D08794 /* Release */ = {
			isa = XCBuildConfiguration;
			buildSettings = {
				ALWAYS_SEARCH_USER_PATHS = NO;
				CLANG_CXX_LANGUAGE_STANDARD = "gnu++0x";
				CLANG_CXX_LIBRARY = "libc++";
				CLANG_ENABLE_MODULES = YES;
				CLANG_ENABLE_OBJC_ARC = YES;
				CLANG_WARN_BOOL_CONVERSION = YES;
				CLANG_WARN_CONSTANT_CONVERSION = YES;
				CLANG_WARN_DIRECT_OBJC_ISA_USAGE = YES_ERROR;
				CLANG_WARN_EMPTY_BODY = YES;
				CLANG_WARN_ENUM_CONVERSION = YES;
				CLANG_WARN_INT_CONVERSION = YES;
				CLANG_WARN_OBJC_ROOT_CLASS = YES_ERROR;
				CLANG_WARN_UNREACHABLE_CODE = YES;
				CLANG_WARN__DUPLICATE_METHOD_MATCH = YES;
				"CODE_SIGN_IDENTITY[sdk=iphoneos*]" = "iPhone Developer";
				COPY_PHASE_STRIP = NO;
				DEBUG_INFORMATION_FORMAT = "dwarf-with-dsym";
				ENABLE_NS_ASSERTIONS = NO;
				ENABLE_STRICT_OBJC_MSGSEND = YES;
				GCC_C_LANGUAGE_STANDARD = gnu99;
				GCC_NO_COMMON_BLOCKS = YES;
				GCC_WARN_64_TO_32_BIT_CONVERSION = YES;
				GCC_WARN_ABOUT_RETURN_TYPE = YES_ERROR;
				GCC_WARN_UNDECLARED_SELECTOR = YES;
				GCC_WARN_UNINITIALIZED_AUTOS = YES_AGGRESSIVE;
				GCC_WARN_UNUSED_FUNCTION = YES;
				GCC_WARN_UNUSED_VARIABLE = YES;
				IPHONEOS_DEPLOYMENT_TARGET = 9.0;
				MTL_ENABLE_DEBUG_INFO = NO;
				SDKROOT = iphoneos;
				VALIDATE_PRODUCT = YES;
			};
			name = Release;
		};
		5484EA2A1BBADEDE00D08794 /* Debug */ = {
			isa = XCBuildConfiguration;
			buildSettings = {
				ASSETCATALOG_COMPILER_APPICON_NAME = AppIcon;
				INFOPLIST_FILE = Block/Info.plist;
				LD_RUNPATH_SEARCH_PATHS = "$(inherited) @executable_path/Frameworks";
				PRODUCT_BUNDLE_IDENTIFIER = com.jnjttd.Block;
				PRODUCT_NAME = "$(TARGET_NAME)";
			};
			name = Debug;
		};
		5484EA2B1BBADEDE00D08794 /* Release */ = {
			isa = XCBuildConfiguration;
			buildSettings = {
				ASSETCATALOG_COMPILER_APPICON_NAME = AppIcon;
				INFOPLIST_FILE = Block/Info.plist;
				LD_RUNPATH_SEARCH_PATHS = "$(inherited) @executable_path/Frameworks";
				PRODUCT_BUNDLE_IDENTIFIER = com.jnjttd.Block;
				PRODUCT_NAME = "$(TARGET_NAME)";
			};
			name = Release;
		};
		5484EA2D1BBADEDE00D08794 /* Debug */ = {
			isa = XCBuildConfiguration;
			buildSettings = {
				BUNDLE_LOADER = "$(TEST_HOST)";
				INFOPLIST_FILE = BlockTests/Info.plist;
				LD_RUNPATH_SEARCH_PATHS = "$(inherited) @executable_path/Frameworks @loader_path/Frameworks";
				PRODUCT_BUNDLE_IDENTIFIER = com.jnjttd.BlockTests;
				PRODUCT_NAME = "$(TARGET_NAME)";
				TEST_HOST = "$(BUILT_PRODUCTS_DIR)/Block.app/Block";
			};
			name = Debug;
		};
		5484EA2E1BBADEDE00D08794 /* Release */ = {
			isa = XCBuildConfiguration;
			buildSettings = {
				BUNDLE_LOADER = "$(TEST_HOST)";
				INFOPLIST_FILE = BlockTests/Info.plist;
				LD_RUNPATH_SEARCH_PATHS = "$(inherited) @executable_path/Frameworks @loader_path/Frameworks";
				PRODUCT_BUNDLE_IDENTIFIER = com.jnjttd.BlockTests;
				PRODUCT_NAME = "$(TARGET_NAME)";
				TEST_HOST = "$(BUILT_PRODUCTS_DIR)/Block.app/Block";
			};
			name = Release;
		};
/* End XCBuildConfiguration section */

/* Begin XCConfigurationList section */
		5484EA021BBADEDC00D08794 /* Build configuration list for PBXProject "Block" */ = {
			isa = XCConfigurationList;
			buildConfigurations = (
				5484EA271BBADEDE00D08794 /* Debug */,
				5484EA281BBADEDE00D08794 /* Release */,
			);
			defaultConfigurationIsVisible = 0;
			defaultConfigurationName = Release;
		};
		5484EA291BBADEDE00D08794 /* Build configuration list for PBXNativeTarget "Block" */ = {
			isa = XCConfigurationList;
			buildConfigurations = (
				5484EA2A1BBADEDE00D08794 /* Debug */,
				5484EA2B1BBADEDE00D08794 /* Release */,
			);
			defaultConfigurationIsVisible = 0;
			defaultConfigurationName = Release;
		};
		5484EA2C1BBADEDE00D08794 /* Build configuration list for PBXNativeTarget "BlockTests" */ = {
			isa = XCConfigurationList;
			buildConfigurations = (
				5484EA2D1BBADEDE00D08794 /* Debug */,
				5484EA2E1BBADEDE00D08794 /* Release */,
			);
			defaultConfigurationIsVisible = 0;
			defaultConfigurationName = Release;
		};
/* End XCConfigurationList section */
	};
	rootObject = 5484E9FF1BBADEDC00D08794 /* Project object */;
}
